
Microsoft Visual Studio Solution File, Format Version 12.00
# Visual Studio 15
Project("{FAE04EC0-301F-11D3-BF4B-00C04F79EFBC}") = "Assembly-CSharp", "Assembly-CSharp.csproj", "{1FD8ADE3-844F-5FB9-F550-47088B75110C}"
EndProject
Global
	GlobalSection(SolutionConfigurationPlatforms) = preSolution
		Debug|Any CPU = Debug|Any CPU
		Release|Any CPU = Release|Any CPU
	EndGlobalSection
	GlobalSection(ProjectConfigurationPlatforms) = postSolution
		{1FD8ADE3-844F-5FB9-F550-47088B75110C}.Debug|Any CPU.ActiveCfg = Debug|Any CPU
		{1FD8ADE3-844F-5FB9-F550-47088B75110C}.Debug|Any CPU.Build.0 = Debug|Any CPU
		{1FD8ADE3-844F-5FB9-F550-47088B75110C}.Release|Any CPU.ActiveCfg = Release|Any CPU
		{1FD8ADE3-844F-5FB9-F550-47088B75110C}.Release|Any CPU.Build.0 = Release|Any CPU
	EndGlobalSection
	GlobalSection(SolutionProperties) = preSolution
		HideSolutionNode = FALSE
	EndGlobalSection
EndGlobal
